
Microsoft Visual Studio Solution File, Format Version 12.00
# Visual Studio Version 17
VisualStudioVersion = 17.3.32825.248
MinimumVisualStudioVersion = 10.0.40219.1
Project("{9A19103F-16F7-4668-BE54-9A1E7A4F7556}") = "PersonalFinanceApp.Api", "PersonalFinanceApp.Api\PersonalFinanceApp.Api.csproj", "{2357C2D6-9360-4002-B090-4E87A30016C4}"
EndProject
Project("{54A90642-561A-4BB1-A94E-469ADEE60C69}") = "personalfinanceapp.client", "PersonalFinanceApp.Client\personalfinanceapp.client.esproj", "{4F66D830-4C50-4FD4-8F3F-B2ADC7DF489A}"
EndProject
Project("{FAE04EC0-301F-11D3-BF4B-00C04F79EFBC}") = "PersonalFinanceApp.Data", "PersonalFinanceApp.Data\PersonalFinanceApp.Data.csproj", "{EF2965A4-1245-443D-A99A-D4F91D4904E2}"
EndProject
Project("{FAE04EC0-301F-11D3-BF4B-00C04F79EFBC}") = "PersonalFinanceApp.Services", "PersonalFinanceApp.Services\PersonalFinanceApp.Services.csproj", "{43EBF71A-6B72-4361-8A03-6335D43AD281}"
EndProject
Global
	GlobalSection(SolutionConfigurationPlatforms) = preSolution
		Debug|Any CPU = Debug|Any CPU
		Release|Any CPU = Release|Any CPU
	EndGlobalSection
	GlobalSection(ProjectConfigurationPlatforms) = postSolution
		{2357C2D6-9360-4002-B090-4E87A30016C4}.Debug|Any CPU.ActiveCfg = Debug|Any CPU
		{2357C2D6-9360-4002-B090-4E87A30016C4}.Debug|Any CPU.Build.0 = Debug|Any CPU
		{2357C2D6-9360-4002-B090-4E87A30016C4}.Release|Any CPU.ActiveCfg = Release|Any CPU
		{2357C2D6-9360-4002-B090-4E87A30016C4}.Release|Any CPU.Build.0 = Release|Any CPU
		{4F66D830-4C50-4FD4-8F3F-B2ADC7DF489A}.Debug|Any CPU.ActiveCfg = Debug|Any CPU
		{4F66D830-4C50-4FD4-8F3F-B2ADC7DF489A}.Debug|Any CPU.Build.0 = Debug|Any CPU
		{4F66D830-4C50-4FD4-8F3F-B2ADC7DF489A}.Debug|Any CPU.Deploy.0 = Debug|Any CPU
		{4F66D830-4C50-4FD4-8F3F-B2ADC7DF489A}.Release|Any CPU.ActiveCfg = Release|Any CPU
		{4F66D830-4C50-4FD4-8F3F-B2ADC7DF489A}.Release|Any CPU.Build.0 = Release|Any CPU
		{4F66D830-4C50-4FD4-8F3F-B2ADC7DF489A}.Release|Any CPU.Deploy.0 = Release|Any CPU
		{EF2965A4-1245-443D-A99A-D4F91D4904E2}.Debug|Any CPU.ActiveCfg = Debug|Any CPU
		{EF2965A4-1245-443D-A99A-D4F91D4904E2}.Debug|Any CPU.Build.0 = Debug|Any CPU
		{EF2965A4-1245-443D-A99A-D4F91D4904E2}.Release|Any CPU.ActiveCfg = Release|Any CPU
		{EF2965A4-1245-443D-A99A-D4F91D4904E2}.Release|Any CPU.Build.0 = Release|Any CPU
		{43EBF71A-6B72-4361-8A03-6335D43AD281}.Debug|Any CPU.ActiveCfg = Debug|Any CPU
		{43EBF71A-6B72-4361-8A03-6335D43AD281}.Debug|Any CPU.Build.0 = Debug|Any CPU
		{43EBF71A-6B72-4361-8A03-6335D43AD281}.Release|Any CPU.ActiveCfg = Release|Any CPU
		{43EBF71A-6B72-4361-8A03-6335D43AD281}.Release|Any CPU.Build.0 = Release|Any CPU
	EndGlobalSection
	GlobalSection(SolutionProperties) = preSolution
		HideSolutionNode = FALSE
	EndGlobalSection
	GlobalSection(ExtensibilityGlobals) = postSolution
		SolutionGuid = {DF6E24F8-2FFD-412A-B180-3801310DC6BA}
	EndGlobalSection
EndGlobal
